// !$*UTF8*$!
{
	archiveVersion = 1;
	classes = {
	};
	objectVersion = 46;
	objects = {

/* Begin PBXBuildFile section */
		0F280B67152612C700299FEC /* RulesViewController.m in Sources */ = {isa = PBXBuildFile; fileRef = 0F280B66152612C700299FEC /* RulesViewController.m */; };
		0F280B6B1526131700299FEC /* SettingsViewController.m in Sources */ = {isa = PBXBuildFile; fileRef = 0F280B6A1526131700299FEC /* SettingsViewController.m */; };
		0F280B6E1526134600299FEC /* StartViewController.m in Sources */ = {isa = PBXBuildFile; fileRef = 0F280B6D1526134600299FEC /* StartViewController.m */; };
		0F280B721526384100299FEC /* 1333127990_purplespace_388886.jpg in Resources */ = {isa = PBXBuildFile; fileRef = 0F280B711526384100299FEC /* 1333127990_purplespace_388886.jpg */; };
		0F2A37E715220ADD008AF2F8 /* stars cartoon.jpg in Resources */ = {isa = PBXBuildFile; fileRef = 0F2A37E615220ADD008AF2F8 /* stars cartoon.jpg */; };
		0F2A37EA152212F2008AF2F8 /* Space-Background2_DXGFX-stock2538.jpg in Resources */ = {isa = PBXBuildFile; fileRef = 0F2A37E9152212F2008AF2F8 /* Space-Background2_DXGFX-stock2538.jpg */; };
		0F2A37EC15221771008AF2F8 /* star_blue_256.png in Resources */ = {isa = PBXBuildFile; fileRef = 0F2A37EB15221771008AF2F8 /* star_blue_256.png */; };
		0F2A37F015221E94008AF2F8 /* buttoncolor.png in Resources */ = {isa = PBXBuildFile; fileRef = 0F2A37EF15221E94008AF2F8 /* buttoncolor.png */; };
		0F45E26E154B05B500B049D7 /* Ballin.png in Resources */ = {isa = PBXBuildFile; fileRef = 0F45E26D154B05B500B049D7 /* Ballin.png */; };
		0F45E270154B05C100B049D7 /* BallinTits-1.png in Resources */ = {isa = PBXBuildFile; fileRef = 0F45E26F154B05C100B049D7 /* BallinTits-1.png */; };
		0F45E280154B24F100B049D7 /* clusterFuck1.png in Resources */ = {isa = PBXBuildFile; fileRef = 0F45E27F154B24F100B049D7 /* clusterFuck1.png */; };
		0F5148081526393300E94141 /* awesomeButton.png in Resources */ = {isa = PBXBuildFile; fileRef = 0F5148071526393300E94141 /* awesomeButton.png */; };
		0F88F11B150531D200590E27 /* UIKit.framework in Frameworks */ = {isa = PBXBuildFile; fileRef = 0F88F11A150531D200590E27 /* UIKit.framework */; };
		0F88F11D150531D200590E27 /* Foundation.framework in Frameworks */ = {isa = PBXBuildFile; fileRef = 0F88F11C150531D200590E27 /* Foundation.framework */; };
		0F88F11F150531D200590E27 /* CoreGraphics.framework in Frameworks */ = {isa = PBXBuildFile; fileRef = 0F88F11E150531D200590E27 /* CoreGraphics.framework */; };
		0F88F125150531D200590E27 /* InfoPlist.strings in Resources */ = {isa = PBXBuildFile; fileRef = 0F88F123150531D200590E27 /* InfoPlist.strings */; };
		0F88F127150531D200590E27 /* main.m in Sources */ = {isa = PBXBuildFile; fileRef = 0F88F126150531D200590E27 /* main.m */; };
		0F88F12B150531D200590E27 /* AppDelegate.m in Sources */ = {isa = PBXBuildFile; fileRef = 0F88F12A150531D200590E27 /* AppDelegate.m */; };
		0F88F12E150531D200590E27 /* MainStoryboard_iPhone.storyboard in Resources */ = {isa = PBXBuildFile; fileRef = 0F88F12C150531D200590E27 /* MainStoryboard_iPhone.storyboard */; };
		0F88F131150531D200590E27 /* MainStoryboard_iPad.storyboard in Resources */ = {isa = PBXBuildFile; fileRef = 0F88F12F150531D200590E27 /* MainStoryboard_iPad.storyboard */; };
		0F88F134150531D200590E27 /* ViewController.m in Sources */ = {isa = PBXBuildFile; fileRef = 0F88F133150531D200590E27 /* ViewController.m */; };
		0FA110E21520C92C00D132B0 /* Card.m in Sources */ = {isa = PBXBuildFile; fileRef = 0FA110E11520C92C00D132B0 /* Card.m */; };
		0FA110E61520D13500D132B0 /* Deck.m in Sources */ = {isa = PBXBuildFile; fileRef = 0FA110E51520D13500D132B0 /* Deck.m */; };
		0FBFC86A153371CD0072853A /* rules123.mp3 in Resources */ = {isa = PBXBuildFile; fileRef = 0FBFC869153371CD0072853A /* rules123.mp3 */; };
		0FBFC871153372710072853A /* AVFoundation.framework in Frameworks */ = {isa = PBXBuildFile; fileRef = 0FBFC870153372710072853A /* AVFoundation.framework */; };
		0FE4851D156BEE5E0025A453 /* GameViewController.m in Sources */ = {isa = PBXBuildFile; fileRef = 0FE4851C156BEE5E0025A453 /* GameViewController.m */; };
		0FF202E9152CA83B00AA7154 /* Character.m in Sources */ = {isa = PBXBuildFile; fileRef = 0FF202E8152CA83B00AA7154 /* Character.m */; };
		23455AAB156E851A0036D8BA /* (null) in Resources */ = {isa = PBXBuildFile; };
		23860843154063E900429895 /* awesomeButton.png in Resources */ = {isa = PBXBuildFile; fileRef = 23860842154063E900429895 /* awesomeButton.png */; };
		2386084615406D9500429895 /* cards copy2.jpg in Resources */ = {isa = PBXBuildFile; fileRef = 2386084515406D9500429895 /* cards copy2.jpg */; };
		239259D8156E888700ADEBD3 /* cards copy2.jpg in Resources */ = {isa = PBXBuildFile; fileRef = 239259D7156E888700ADEBD3 /* cards copy2.jpg */; };
/* End PBXBuildFile section */

/* Begin PBXFileReference section */
		0F280B65152612C700299FEC /* RulesViewController.h */ = {isa = PBXFileReference; fileEncoding = 4; lastKnownFileType = sourcecode.c.h; name = RulesViewController.h; path = ../RulesViewController.h; sourceTree = "<group>"; };
		0F280B66152612C700299FEC /* RulesViewController.m */ = {isa = PBXFileReference; fileEncoding = 4; lastKnownFileType = sourcecode.c.objc; name = RulesViewController.m; path = ../RulesViewController.m; sourceTree = "<group>"; };
		0F280B691526131700299FEC /* SettingsViewController.h */ = {isa = PBXFileReference; fileEncoding = 4; lastKnownFileType = sourcecode.c.h; name = SettingsViewController.h; path = ../SettingsViewController.h; sourceTree = "<group>"; };
		0F280B6A1526131700299FEC /* SettingsViewController.m */ = {isa = PBXFileReference; fileEncoding = 4; lastKnownFileType = sourcecode.c.objc; name = SettingsViewController.m; path = ../SettingsViewController.m; sourceTree = "<group>"; };
		0F280B6C1526134600299FEC /* StartViewController.h */ = {isa = PBXFileReference; fileEncoding = 4; lastKnownFileType = sourcecode.c.h; name = StartViewController.h; path = ../StartViewController.h; sourceTree = "<group>"; };
		0F280B6D1526134600299FEC /* StartViewController.m */ = {isa = PBXFileReference; fileEncoding = 4; lastKnownFileType = sourcecode.c.objc; name = StartViewController.m; path = ../StartViewController.m; sourceTree = "<group>"; };
		0F280B711526384100299FEC /* 1333127990_purplespace_388886.jpg */ = {isa = PBXFileReference; lastKnownFileType = image.jpeg; name = 1333127990_purplespace_388886.jpg; path = ../1333127990_purplespace_388886.jpg; sourceTree = "<group>"; };
		0F2A37E615220ADD008AF2F8 /* stars cartoon.jpg */ = {isa = PBXFileReference; lastKnownFileType = image.jpeg; name = "stars cartoon.jpg"; path = "../stars cartoon.jpg"; sourceTree = "<group>"; };
		0F2A37E9152212F2008AF2F8 /* Space-Background2_DXGFX-stock2538.jpg */ = {isa = PBXFileReference; lastKnownFileType = image.jpeg; name = "Space-Background2_DXGFX-stock2538.jpg"; path = "../Space-Background2_DXGFX-stock2538.jpg"; sourceTree = "<group>"; };
		0F2A37EB15221771008AF2F8 /* star_blue_256.png */ = {isa = PBXFileReference; lastKnownFileType = image.png; name = star_blue_256.png; path = ../star_blue_256.png; sourceTree = "<group>"; };
		0F2A37EF15221E94008AF2F8 /* buttoncolor.png */ = {isa = PBXFileReference; lastKnownFileType = image.png; name = buttoncolor.png; path = ../buttoncolor.png; sourceTree = "<group>"; };
		0F45E26D154B05B500B049D7 /* Ballin.png */ = {isa = PBXFileReference; lastKnownFileType = image.png; name = Ballin.png; path = ../Ballin.png; sourceTree = "<group>"; };
		0F45E26F154B05C100B049D7 /* BallinTits-1.png */ = {isa = PBXFileReference; lastKnownFileType = image.png; name = "BallinTits-1.png"; path = "../BallinTits-1.png"; sourceTree = "<group>"; };
		0F45E27F154B24F100B049D7 /* clusterFuck1.png */ = {isa = PBXFileReference; lastKnownFileType = image.png; name = clusterFuck1.png; path = ../clusterFuck1.png; sourceTree = "<group>"; };
		0F45E281154B283500B049D7 /* cardssideways1.jpg */ = {isa = PBXFileReference; lastKnownFileType = image.jpeg; name = cardssideways1.jpg; path = "/Users/page.seeger/Desktop/Mobil apps sem 2/Blind-Mans-Bluffgroup/Matt/cardssideways1.jpg"; sourceTree = "<absolute>"; };
		0F45E283154B283B00B049D7 /* cardssideways2.jpg */ = {isa = PBXFileReference; lastKnownFileType = image.jpeg; name = cardssideways2.jpg; path = "/Users/page.seeger/Desktop/Mobil apps sem 2/Blind-Mans-Bluffgroup/Matt/cardssideways2.jpg"; sourceTree = "<absolute>"; };
		0F5148071526393300E94141 /* awesomeButton.png */ = {isa = PBXFileReference; lastKnownFileType = image.png; name = awesomeButton.png; path = ../awesomeButton.png; sourceTree = "<group>"; };
		0F88F116150531D200590E27 /* blind mans bluff3.app */ = {isa = PBXFileReference; explicitFileType = wrapper.application; includeInIndex = 0; path = "blind mans bluff3.app"; sourceTree = BUILT_PRODUCTS_DIR; };
		0F88F11A150531D200590E27 /* UIKit.framework */ = {isa = PBXFileReference; lastKnownFileType = wrapper.framework; name = UIKit.framework; path = System/Library/Frameworks/UIKit.framework; sourceTree = SDKROOT; };
		0F88F11C150531D200590E27 /* Foundation.framework */ = {isa = PBXFileReference; lastKnownFileType = wrapper.framework; name = Foundation.framework; path = System/Library/Frameworks/Foundation.framework; sourceTree = SDKROOT; };
		0F88F11E150531D200590E27 /* CoreGraphics.framework */ = {isa = PBXFileReference; lastKnownFileType = wrapper.framework; name = CoreGraphics.framework; path = System/Library/Frameworks/CoreGraphics.framework; sourceTree = SDKROOT; };
		0F88F122150531D200590E27 /* blind mans bluff3-Info.plist */ = {isa = PBXFileReference; lastKnownFileType = text.plist.xml; path = "blind mans bluff3-Info.plist"; sourceTree = "<group>"; };
		0F88F124150531D200590E27 /* en */ = {isa = PBXFileReference; lastKnownFileType = text.plist.strings; name = en; path = en.lproj/InfoPlist.strings; sourceTree = "<group>"; };
		0F88F126150531D200590E27 /* main.m */ = {isa = PBXFileReference; lastKnownFileType = sourcecode.c.objc; path = main.m; sourceTree = "<group>"; };
		0F88F128150531D200590E27 /* blind mans bluff3-Prefix.pch */ = {isa = PBXFileReference; lastKnownFileType = sourcecode.c.h; path = "blind mans bluff3-Prefix.pch"; sourceTree = "<group>"; };
		0F88F129150531D200590E27 /* AppDelegate.h */ = {isa = PBXFileReference; lastKnownFileType = sourcecode.c.h; path = AppDelegate.h; sourceTree = "<group>"; };
		0F88F12A150531D200590E27 /* AppDelegate.m */ = {isa = PBXFileReference; lastKnownFileType = sourcecode.c.objc; path = AppDelegate.m; sourceTree = "<group>"; };
		0F88F12D150531D200590E27 /* en */ = {isa = PBXFileReference; lastKnownFileType = file.storyboard; name = en; path = en.lproj/MainStoryboard_iPhone.storyboard; sourceTree = "<group>"; };
		0F88F130150531D200590E27 /* en */ = {isa = PBXFileReference; lastKnownFileType = file.storyboard; name = en; path = en.lproj/MainStoryboard_iPad.storyboard; sourceTree = "<group>"; };
		0F88F132150531D200590E27 /* ViewController.h */ = {isa = PBXFileReference; lastKnownFileType = sourcecode.c.h; path = ViewController.h; sourceTree = "<group>"; };
		0F88F133150531D200590E27 /* ViewController.m */ = {isa = PBXFileReference; lastKnownFileType = sourcecode.c.objc; path = ViewController.m; sourceTree = "<group>"; };
		0FA110E01520C92C00D132B0 /* Card.h */ = {isa = PBXFileReference; fileEncoding = 4; lastKnownFileType = sourcecode.c.h; name = Card.h; path = ../Card.h; sourceTree = "<group>"; };
		0FA110E11520C92C00D132B0 /* Card.m */ = {isa = PBXFileReference; fileEncoding = 4; lastKnownFileType = sourcecode.c.objc; name = Card.m; path = ../Card.m; sourceTree = "<group>"; };
		0FA110E41520D13500D132B0 /* Deck.h */ = {isa = PBXFileReference; fileEncoding = 4; lastKnownFileType = sourcecode.c.h; name = Deck.h; path = ../Deck.h; sourceTree = "<group>"; };
		0FA110E51520D13500D132B0 /* Deck.m */ = {isa = PBXFileReference; fileEncoding = 4; lastKnownFileType = sourcecode.c.objc; name = Deck.m; path = ../Deck.m; sourceTree = "<group>"; };
		0FBFC869153371CD0072853A /* rules123.mp3 */ = {isa = PBXFileReference; lastKnownFileType = audio.mp3; name = rules123.mp3; path = ../rules123.mp3; sourceTree = "<group>"; };
		0FBFC870153372710072853A /* AVFoundation.framework */ = {isa = PBXFileReference; lastKnownFileType = wrapper.framework; name = AVFoundation.framework; path = System/Library/Frameworks/AVFoundation.framework; sourceTree = SDKROOT; };
		0FE4851B156BEE5E0025A453 /* GameViewController.h */ = {isa = PBXFileReference; fileEncoding = 4; lastKnownFileType = sourcecode.c.h; name = GameViewController.h; path = ../GameViewController.h; sourceTree = "<group>"; };
		0FE4851C156BEE5E0025A453 /* GameViewController.m */ = {isa = PBXFileReference; fileEncoding = 4; lastKnownFileType = sourcecode.c.objc; name = GameViewController.m; path = ../GameViewController.m; sourceTree = "<group>"; };
		0FF202E7152CA83B00AA7154 /* Character.h */ = {isa = PBXFileReference; fileEncoding = 4; lastKnownFileType = sourcecode.c.h; name = Character.h; path = ../Character.h; sourceTree = "<group>"; };
		0FF202E8152CA83B00AA7154 /* Character.m */ = {isa = PBXFileReference; fileEncoding = 4; lastKnownFileType = sourcecode.c.objc; name = Character.m; path = ../Character.m; sourceTree = "<group>"; };
		23860842154063E900429895 /* awesomeButton.png */ = {isa = PBXFileReference; lastKnownFileType = image.png; path = awesomeButton.png; sourceTree = "<group>"; };
		2386084515406D9500429895 /* cards copy2.jpg */ = {isa = PBXFileReference; lastKnownFileType = image.jpeg; path = "cards copy2.jpg"; sourceTree = "<group>"; };
		239259D7156E888700ADEBD3 /* cards copy2.jpg */ = {isa = PBXFileReference; lastKnownFileType = image.jpeg; path = "cards copy2.jpg"; sourceTree = "<group>"; };
/* End PBXFileReference section */

/* Begin PBXFrameworksBuildPhase section */
		0F88F113150531D200590E27 /* Frameworks */ = {
			isa = PBXFrameworksBuildPhase;
			buildActionMask = 2147483647;
			files = (
				0FBFC871153372710072853A /* AVFoundation.framework in Frameworks */,
				0F88F11B150531D200590E27 /* UIKit.framework in Frameworks */,
				0F88F11D150531D200590E27 /* Foundation.framework in Frameworks */,
				0F88F11F150531D200590E27 /* CoreGraphics.framework in Frameworks */,
			);
			runOnlyForDeploymentPostprocessing = 0;
		};
/* End PBXFrameworksBuildPhase section */

/* Begin PBXGroup section */
		0F88F10B150531D200590E27 = {
			isa = PBXGroup;
			children = (
				0F45E27F154B24F100B049D7 /* clusterFuck1.png */,
				0F5148071526393300E94141 /* awesomeButton.png */,
				0F280B711526384100299FEC /* 1333127990_purplespace_388886.jpg */,
				0F2A37EF15221E94008AF2F8 /* buttoncolor.png */,
				0F2A37EB15221771008AF2F8 /* star_blue_256.png */,
				0F2A37E9152212F2008AF2F8 /* Space-Background2_DXGFX-stock2538.jpg */,
				0F2A37E615220ADD008AF2F8 /* stars cartoon.jpg */,
				23860842154063E900429895 /* awesomeButton.png */,
				2386084515406D9500429895 /* cards copy2.jpg */,
				239259D7156E888700ADEBD3 /* cards copy2.jpg */,
				0F45E26D154B05B500B049D7 /* Ballin.png */,
				0F45E26F154B05C100B049D7 /* BallinTits-1.png */,
				0FBFC870153372710072853A /* AVFoundation.framework */,
				0F88F120150531D200590E27 /* blind mans bluff3 */,
				0F88F119150531D200590E27 /* Frameworks */,
				0F88F117150531D200590E27 /* Products */,
			);
			sourceTree = "<group>";
		};
		0F88F117150531D200590E27 /* Products */ = {
			isa = PBXGroup;
			children = (
				0F88F116150531D200590E27 /* blind mans bluff3.app */,
			);
			name = Products;
			sourceTree = "<group>";
		};
		0F88F119150531D200590E27 /* Frameworks */ = {
			isa = PBXGroup;
			children = (
				0F88F11A150531D200590E27 /* UIKit.framework */,
				0F88F11C150531D200590E27 /* Foundation.framework */,
				0F88F11E150531D200590E27 /* CoreGraphics.framework */,
			);
			name = Frameworks;
			sourceTree = "<group>";
		};
		0F88F120150531D200590E27 /* blind mans bluff3 */ = {
			isa = PBXGroup;
			children = (
				0F88F129150531D200590E27 /* AppDelegate.h */,
				0F88F12A150531D200590E27 /* AppDelegate.m */,
				0F88F12C150531D200590E27 /* MainStoryboard_iPhone.storyboard */,
				0F88F12F150531D200590E27 /* MainStoryboard_iPad.storyboard */,
				0FF202E7152CA83B00AA7154 /* Character.h */,
				0FF202E8152CA83B00AA7154 /* Character.m */,
				0FA110E41520D13500D132B0 /* Deck.h */,
				0FA110E51520D13500D132B0 /* Deck.m */,
				0FA110E01520C92C00D132B0 /* Card.h */,
				0FA110E11520C92C00D132B0 /* Card.m */,
				0F88F132150531D200590E27 /* ViewController.h */,
				0F88F133150531D200590E27 /* ViewController.m */,
				0F280B6C1526134600299FEC /* StartViewController.h */,
				0F280B6D1526134600299FEC /* StartViewController.m */,
				0F280B691526131700299FEC /* SettingsViewController.h */,
				0F280B6A1526131700299FEC /* SettingsViewController.m */,
				0F280B65152612C700299FEC /* RulesViewController.h */,
				0F280B66152612C700299FEC /* RulesViewController.m */,
				0FE4851B156BEE5E0025A453 /* GameViewController.h */,
				0FE4851C156BEE5E0025A453 /* GameViewController.m */,
				0F88F121150531D200590E27 /* Supporting Files */,
			);
			path = "blind mans bluff3";
			sourceTree = "<group>";
		};
		0F88F121150531D200590E27 /* Supporting Files */ = {
			isa = PBXGroup;
			children = (
				0F45E281154B283500B049D7 /* cardssideways1.jpg */,
				0F45E283154B283B00B049D7 /* cardssideways2.jpg */,
				0F45E27F154B24F100B049D7 /* clusterFuck1.png */,
				0F5148071526393300E94141 /* awesomeButton.png */,
				0F280B711526384100299FEC /* 1333127990_purplespace_388886.jpg */,
				0F2A37EF15221E94008AF2F8 /* buttoncolor.png */,
				0F2A37EB15221771008AF2F8 /* star_blue_256.png */,
				0F2A37E9152212F2008AF2F8 /* Space-Background2_DXGFX-stock2538.jpg */,
				0F2A37E615220ADD008AF2F8 /* stars cartoon.jpg */,
				23860842154063E900429895 /* awesomeButton.png */,
				2386084515406D9500429895 /* cards copy2.jpg */,
				0F45E26D154B05B500B049D7 /* Ballin.png */,
				0F45E26F154B05C100B049D7 /* BallinTits-1.png */,
				0FBFC869153371CD0072853A /* rules123.mp3 */,
				0F88F122150531D200590E27 /* blind mans bluff3-Info.plist */,
				0F88F123150531D200590E27 /* InfoPlist.strings */,
				0F88F126150531D200590E27 /* main.m */,
				0F88F128150531D200590E27 /* blind mans bluff3-Prefix.pch */,
			);
			name = "Supporting Files";
			sourceTree = "<group>";
		};
/* End PBXGroup section */

/* Begin PBXNativeTarget section */
		0F88F115150531D200590E27 /* blind mans bluff3 */ = {
			isa = PBXNativeTarget;
			buildConfigurationList = 0F88F137150531D200590E27 /* Build configuration list for PBXNativeTarget "blind mans bluff3" */;
			buildPhases = (
				0F88F112150531D200590E27 /* Sources */,
				0F88F113150531D200590E27 /* Frameworks */,
				0F88F114150531D200590E27 /* Resources */,
			);
			buildRules = (
			);
			dependencies = (
			);
			name = "blind mans bluff3";
			productName = "blind mans bluff3";
			productReference = 0F88F116150531D200590E27 /* blind mans bluff3.app */;
			productType = "com.apple.product-type.application";
		};
/* End PBXNativeTarget section */

/* Begin PBXProject section */
		0F88F10D150531D200590E27 /* Project object */ = {
			isa = PBXProject;
			attributes = {
				LastUpgradeCheck = 0430;
			};
			buildConfigurationList = 0F88F110150531D200590E27 /* Build configuration list for PBXProject "blind mans bluff3" */;
			compatibilityVersion = "Xcode 3.2";
			developmentRegion = English;
			hasScannedForEncodings = 0;
			knownRegions = (
				en,
			);
			mainGroup = 0F88F10B150531D200590E27;
			productRefGroup = 0F88F117150531D200590E27 /* Products */;
			projectDirPath = "";
			projectRoot = "";
			targets = (
				0F88F115150531D200590E27 /* blind mans bluff3 */,
			);
		};
/* End PBXProject section */

/* Begin PBXResourcesBuildPhase section */
		0F88F114150531D200590E27 /* Resources */ = {
			isa = PBXResourcesBuildPhase;
			buildActionMask = 2147483647;
			files = (
				0F88F125150531D200590E27 /* InfoPlist.strings in Resources */,
				0F88F12E150531D200590E27 /* MainStoryboard_iPhone.storyboard in Resources */,
				0F88F131150531D200590E27 /* MainStoryboard_iPad.storyboard in Resources */,
				0F2A37E715220ADD008AF2F8 /* stars cartoon.jpg in Resources */,
				0F2A37EA152212F2008AF2F8 /* Space-Background2_DXGFX-stock2538.jpg in Resources */,
				0F2A37EC15221771008AF2F8 /* star_blue_256.png in Resources */,
				0F2A37F015221E94008AF2F8 /* buttoncolor.png in Resources */,
				0F280B721526384100299FEC /* 1333127990_purplespace_388886.jpg in Resources */,
				0F5148081526393300E94141 /* awesomeButton.png in Resources */,
				0FBFC86A153371CD0072853A /* rules123.mp3 in Resources */,
				23860843154063E900429895 /* awesomeButton.png in Resources */,
				2386084615406D9500429895 /* cards copy2.jpg in Resources */,
				0F45E26E154B05B500B049D7 /* Ballin.png in Resources */,
				0F45E270154B05C100B049D7 /* BallinTits-1.png in Resources */,
				0F45E280154B24F100B049D7 /* clusterFuck1.png in Resources */,
				23455AAB156E851A0036D8BA /* (null) in Resources */,
				239259D8156E888700ADEBD3 /* cards copy2.jpg in Resources */,
			);
			runOnlyForDeploymentPostprocessing = 0;
		};
/* End PBXResourcesBuildPhase section */

/* Begin PBXSourcesBuildPhase section */
		0F88F112150531D200590E27 /* Sources */ = {
			isa = PBXSourcesBuildPhase;
			buildActionMask = 2147483647;
			files = (
				0F88F127150531D200590E27 /* main.m in Sources */,
				0F88F12B150531D200590E27 /* AppDelegate.m in Sources */,
				0F88F134150531D200590E27 /* ViewController.m in Sources */,
				0FA110E21520C92C00D132B0 /* Card.m in Sources */,
				0FA110E61520D13500D132B0 /* Deck.m in Sources */,
				0F280B67152612C700299FEC /* RulesViewController.m in Sources */,
				0F280B6B1526131700299FEC /* SettingsViewController.m in Sources */,
				0F280B6E1526134600299FEC /* StartViewController.m in Sources */,
				0FF202E9152CA83B00AA7154 /* Character.m in Sources */,
				0FE4851D156BEE5E0025A453 /* GameViewController.m in Sources */,
			);
			runOnlyForDeploymentPostprocessing = 0;
		};
/* End PBXSourcesBuildPhase section */

/* Begin PBXVariantGroup section */
		0F88F123150531D200590E27 /* InfoPlist.strings */ = {
			isa = PBXVariantGroup;
			children = (
				0F88F124150531D200590E27 /* en */,
			);
			name = InfoPlist.strings;
			sourceTree = "<group>";
		};
		0F88F12C150531D200590E27 /* MainStoryboard_iPhone.storyboard */ = {
			isa = PBXVariantGroup;
			children = (
				0F88F12D150531D200590E27 /* en */,
			);
			name = MainStoryboard_iPhone.storyboard;
			sourceTree = "<group>";
		};
		0F88F12F150531D200590E27 /* MainStoryboard_iPad.storyboard */ = {
			isa = PBXVariantGroup;
			children = (
				0F88F130150531D200590E27 /* en */,
			);
			name = MainStoryboard_iPad.storyboard;
			sourceTree = "<group>";
		};
/* End PBXVariantGroup section */

/* Begin XCBuildConfiguration section */
		0F88F135150531D200590E27 /* Debug */ = {
			isa = XCBuildConfiguration;
			buildSettings = {
				ALWAYS_SEARCH_USER_PATHS = NO;
				ARCHS = "$(ARCHS_STANDARD_32_BIT)";
				CLANG_ENABLE_OBJC_ARC = YES;
				"CODE_SIGN_IDENTITY[sdk=iphoneos*]" = "iPhone Developer";
				COPY_PHASE_STRIP = NO;
				GCC_C_LANGUAGE_STANDARD = gnu99;
				GCC_DYNAMIC_NO_PIC = NO;
				GCC_OPTIMIZATION_LEVEL = 0;
				GCC_PREPROCESSOR_DEFINITIONS = (
					"DEBUG=1",
					"$(inherited)",
				);
				GCC_SYMBOLS_PRIVATE_EXTERN = NO;
				GCC_VERSION = com.apple.compilers.llvm.clang.1_0;
				GCC_WARN_ABOUT_MISSING_PROTOTYPES = YES;
				GCC_WARN_ABOUT_RETURN_TYPE = YES;
				GCC_WARN_UNUSED_VARIABLE = YES;
				IPHONEOS_DEPLOYMENT_TARGET = 5.0;
				SDKROOT = iphoneos;
				TARGETED_DEVICE_FAMILY = "1,2";
			};
			name = Debug;
		};
		0F88F136150531D200590E27 /* Release */ = {
			isa = XCBuildConfiguration;
			buildSettings = {
				ALWAYS_SEARCH_USER_PATHS = NO;
				ARCHS = "$(ARCHS_STANDARD_32_BIT)";
				CLANG_ENABLE_OBJC_ARC = YES;
				"CODE_SIGN_IDENTITY[sdk=iphoneos*]" = "iPhone Developer";
				COPY_PHASE_STRIP = YES;
				GCC_C_LANGUAGE_STANDARD = gnu99;
				GCC_VERSION = com.apple.compilers.llvm.clang.1_0;
				GCC_WARN_ABOUT_MISSING_PROTOTYPES = YES;
				GCC_WARN_ABOUT_RETURN_TYPE = YES;
				GCC_WARN_UNUSED_VARIABLE = YES;
				IPHONEOS_DEPLOYMENT_TARGET = 5.0;
				OTHER_CFLAGS = "-DNS_BLOCK_ASSERTIONS=1";
				SDKROOT = iphoneos;
				TARGETED_DEVICE_FAMILY = "1,2";
				VALIDATE_PRODUCT = YES;
			};
			name = Release;
		};
		0F88F138150531D200590E27 /* Debug */ = {
			isa = XCBuildConfiguration;
			buildSettings = {
				GCC_PRECOMPILE_PREFIX_HEADER = YES;
				GCC_PREFIX_HEADER = "blind mans bluff3/blind mans bluff3-Prefix.pch";
				INFOPLIST_FILE = "blind mans bluff3/blind mans bluff3-Info.plist";
				PRODUCT_NAME = "$(TARGET_NAME)";
				WRAPPER_EXTENSION = app;
			};
			name = Debug;
		};
		0F88F139150531D200590E27 /* Release */ = {
			isa = XCBuildConfiguration;
			buildSettings = {
				GCC_PRECOMPILE_PREFIX_HEADER = YES;
				GCC_PREFIX_HEADER = "blind mans bluff3/blind mans bluff3-Prefix.pch";
				INFOPLIST_FILE = "blind mans bluff3/blind mans bluff3-Info.plist";
				PRODUCT_NAME = "$(TARGET_NAME)";
				WRAPPER_EXTENSION = app;
			};
			name = Release;
		};
/* End XCBuildConfiguration section */

/* Begin XCConfigurationList section */
		0F88F110150531D200590E27 /* Build configuration list for PBXProject "blind mans bluff3" */ = {
			isa = XCConfigurationList;
			buildConfigurations = (
				0F88F135150531D200590E27 /* Debug */,
				0F88F136150531D200590E27 /* Release */,
			);
			defaultConfigurationIsVisible = 0;
			defaultConfigurationName = Release;
		};
		0F88F137150531D200590E27 /* Build configuration list for PBXNativeTarget "blind mans bluff3" */ = {
			isa = XCConfigurationList;
			buildConfigurations = (
				0F88F138150531D200590E27 /* Debug */,
				0F88F139150531D200590E27 /* Release */,
			);
			defaultConfigurationIsVisible = 0;
			defaultConfigurationName = Release;
		};
/* End XCConfigurationList section */
	};
	rootObject = 0F88F10D150531D200590E27 /* Project object */;
}
